
Microsoft Visual Studio Solution File, Format Version 12.00
# Visual Studio Version 16
VisualStudioVersion = 16.0.32929.386
MinimumVisualStudioVersion = 10.0.40219.1
Project("{9A19103F-16F7-4668-BE54-9A1E7A4F7556}") = "Ex 1", "lab4\Ex 1.csproj", "{90BE0FF1-1933-42A0-A024-0B9A4425AB8A}"
EndProject
Project("{9A19103F-16F7-4668-BE54-9A1E7A4F7556}") = "Ex 2", "lab4_2\Ex 2.csproj", "{022AF756-862C-47C4-86E9-85AB9A736288}"
EndProject
Global
	GlobalSection(SolutionConfigurationPlatforms) = preSolution
		Debug|Any CPU = Debug|Any CPU
		Release|Any CPU = Release|Any CPU
	EndGlobalSection
	GlobalSection(ProjectConfigurationPlatforms) = postSolution
		{90BE0FF1-1933-42A0-A024-0B9A4425AB8A}.Debug|Any CPU.ActiveCfg = Debug|Any CPU
		{90BE0FF1-1933-42A0-A024-0B9A4425AB8A}.Debug|Any CPU.Build.0 = Debug|Any CPU
		{90BE0FF1-1933-42A0-A024-0B9A4425AB8A}.Release|Any CPU.ActiveCfg = Release|Any CPU
		{90BE0FF1-1933-42A0-A024-0B9A4425AB8A}.Release|Any CPU.Build.0 = Release|Any CPU
		{022AF756-862C-47C4-86E9-85AB9A736288}.Debug|Any CPU.ActiveCfg = Debug|Any CPU
		{022AF756-862C-47C4-86E9-85AB9A736288}.Debug|Any CPU.Build.0 = Debug|Any CPU
		{022AF756-862C-47C4-86E9-85AB9A736288}.Release|Any CPU.ActiveCfg = Release|Any CPU
		{022AF756-862C-47C4-86E9-85AB9A736288}.Release|Any CPU.Build.0 = Release|Any CPU
	EndGlobalSection
	GlobalSection(SolutionProperties) = preSolution
		HideSolutionNode = FALSE
	EndGlobalSection
	GlobalSection(ExtensibilityGlobals) = postSolution
		SolutionGuid = {64FBD24D-60D7-4461-8A5D-F7116F8232BC}
	EndGlobalSection
EndGlobal
